
Microsoft Visual Studio Solution File, Format Version 12.00
# Visual Studio 15
VisualStudioVersion = 15.0.26228.9
MinimumVisualStudioVersion = 10.0.40219.1
Project("{FAE04EC0-301F-11D3-BF4B-00C04F79EFBC}") = "EditBoxControlLibrary", "EditBoxControlLibrary\EditBoxControlLibrary.csproj", "{558EEE03-6927-4FE6-AEB6-972769960849}"
EndProject
Project("{FAE04EC0-301F-11D3-BF4B-00C04F79EFBC}") = "ExpenseItDemo", "ExpenseItDemo\ExpenseItDemo.csproj", "{D1729F17-99A5-45AF-AB38-72FA6ECCE609}"
EndProject
Project("{FAE04EC0-301F-11D3-BF4B-00C04F79EFBC}") = "ExpenseItDemo.Data", "ExpenseItDemo.Data\ExpenseItDemo.Data.csproj", "{D8AE7C74-CE91-4DC3-991A-142F023704EB}"
EndProject
Project("{262852C6-CD72-467D-83FE-5EEB1973A190}") = "ExpenseItDemo.Package", "ExpenseItDemo.Package\ExpenseItDemo.Package.jsproj", "{4DA385D8-F368-4235-97D3-D7C16CB2938C}"
EndProject
Project("{FAE04EC0-301F-11D3-BF4B-00C04F79EFBC}") = "ExpenseItDemo.Debug", "ExpenseItDemo.Debug\ExpenseItDemo.Debug.vsdproj", "{ECE489D7-2926-4CC4-AE47-B65F2113FCCE}"
EndProject
Global
	GlobalSection(SolutionConfigurationPlatforms) = preSolution
		Debug|Any CPU = Debug|Any CPU
		Debug|ARM = Debug|ARM
		Debug|x64 = Debug|x64
		Debug|x86 = Debug|x86
		Release|Any CPU = Release|Any CPU
		Release|ARM = Release|ARM
		Release|x64 = Release|x64
		Release|x86 = Release|x86
	EndGlobalSection
	GlobalSection(ProjectConfigurationPlatforms) = postSolution
		{558EEE03-6927-4FE6-AEB6-972769960849}.Debug|Any CPU.ActiveCfg = Debug|Any CPU
		{558EEE03-6927-4FE6-AEB6-972769960849}.Debug|Any CPU.Build.0 = Debug|Any CPU
		{558EEE03-6927-4FE6-AEB6-972769960849}.Debug|ARM.ActiveCfg = Debug|Any CPU
		{558EEE03-6927-4FE6-AEB6-972769960849}.Debug|ARM.Build.0 = Debug|Any CPU
		{558EEE03-6927-4FE6-AEB6-972769960849}.Debug|x64.ActiveCfg = Debug|Any CPU
		{558EEE03-6927-4FE6-AEB6-972769960849}.Debug|x64.Build.0 = Debug|Any CPU
		{558EEE03-6927-4FE6-AEB6-972769960849}.Debug|x86.ActiveCfg = Debug|Any CPU
		{558EEE03-6927-4FE6-AEB6-972769960849}.Debug|x86.Build.0 = Debug|Any CPU
		{558EEE03-6927-4FE6-AEB6-972769960849}.Release|Any CPU.ActiveCfg = Release|Any CPU
		{558EEE03-6927-4FE6-AEB6-972769960849}.Release|Any CPU.Build.0 = Release|Any CPU
		{558EEE03-6927-4FE6-AEB6-972769960849}.Release|ARM.ActiveCfg = Release|Any CPU
		{558EEE03-6927-4FE6-AEB6-972769960849}.Release|ARM.Build.0 = Release|Any CPU
		{558EEE03-6927-4FE6-AEB6-972769960849}.Release|x64.ActiveCfg = Release|Any CPU
		{558EEE03-6927-4FE6-AEB6-972769960849}.Release|x64.Build.0 = Release|Any CPU
		{558EEE03-6927-4FE6-AEB6-972769960849}.Release|x86.ActiveCfg = Release|Any CPU
		{558EEE03-6927-4FE6-AEB6-972769960849}.Release|x86.Build.0 = Release|Any CPU
		{D1729F17-99A5-45AF-AB38-72FA6ECCE609}.Debug|Any CPU.ActiveCfg = Debug|Any CPU
		{D1729F17-99A5-45AF-AB38-72FA6ECCE609}.Debug|Any CPU.Build.0 = Debug|Any CPU
		{D1729F17-99A5-45AF-AB38-72FA6ECCE609}.Debug|ARM.ActiveCfg = Debug|Any CPU
		{D1729F17-99A5-45AF-AB38-72FA6ECCE609}.Debug|ARM.Build.0 = Debug|Any CPU
		{D1729F17-99A5-45AF-AB38-72FA6ECCE609}.Debug|x64.ActiveCfg = Debug|Any CPU
		{D1729F17-99A5-45AF-AB38-72FA6ECCE609}.Debug|x64.Build.0 = Debug|Any CPU
		{D1729F17-99A5-45AF-AB38-72FA6ECCE609}.Debug|x86.ActiveCfg = Debug|Any CPU
		{D1729F17-99A5-45AF-AB38-72FA6ECCE609}.Debug|x86.Build.0 = Debug|Any CPU
		{D1729F17-99A5-45AF-AB38-72FA6ECCE609}.Release|Any CPU.ActiveCfg = Release|Any CPU
		{D1729F17-99A5-45AF-AB38-72FA6ECCE609}.Release|Any CPU.Build.0 = Release|Any CPU
		{D1729F17-99A5-45AF-AB38-72FA6ECCE609}.Release|ARM.ActiveCfg = Release|Any CPU
		{D1729F17-99A5-45AF-AB38-72FA6ECCE609}.Release|ARM.Build.0 = Release|Any CPU
		{D1729F17-99A5-45AF-AB38-72FA6ECCE609}.Release|x64.ActiveCfg = Release|Any CPU
		{D1729F17-99A5-45AF-AB38-72FA6ECCE609}.Release|x64.Build.0 = Release|Any CPU
		{D1729F17-99A5-45AF-AB38-72FA6ECCE609}.Release|x86.ActiveCfg = Release|Any CPU
		{D1729F17-99A5-45AF-AB38-72FA6ECCE609}.Release|x86.Build.0 = Release|Any CPU
		{D8AE7C74-CE91-4DC3-991A-142F023704EB}.Debug|Any CPU.ActiveCfg = Debug|Any CPU
		{D8AE7C74-CE91-4DC3-991A-142F023704EB}.Debug|Any CPU.Build.0 = Debug|Any CPU
		{D8AE7C74-CE91-4DC3-991A-142F023704EB}.Debug|ARM.ActiveCfg = Debug|Any CPU
		{D8AE7C74-CE91-4DC3-991A-142F023704EB}.Debug|ARM.Build.0 = Debug|Any CPU
		{D8AE7C74-CE91-4DC3-991A-142F023704EB}.Debug|x64.ActiveCfg = Debug|Any CPU
		{D8AE7C74-CE91-4DC3-991A-142F023704EB}.Debug|x64.Build.0 = Debug|Any CPU
		{D8AE7C74-CE91-4DC3-991A-142F023704EB}.Debug|x86.ActiveCfg = Debug|Any CPU
		{D8AE7C74-CE91-4DC3-991A-142F023704EB}.Debug|x86.Build.0 = Debug|Any CPU
		{D8AE7C74-CE91-4DC3-991A-142F023704EB}.Release|Any CPU.ActiveCfg = Release|Any CPU
		{D8AE7C74-CE91-4DC3-991A-142F023704EB}.Release|Any CPU.Build.0 = Release|Any CPU
		{D8AE7C74-CE91-4DC3-991A-142F023704EB}.Release|ARM.ActiveCfg = Release|Any CPU
		{D8AE7C74-CE91-4DC3-991A-142F023704EB}.Release|ARM.Build.0 = Release|Any CPU
		{D8AE7C74-CE91-4DC3-991A-142F023704EB}.Release|x64.ActiveCfg = Release|Any CPU
		{D8AE7C74-CE91-4DC3-991A-142F023704EB}.Release|x64.Build.0 = Release|Any CPU
		{D8AE7C74-CE91-4DC3-991A-142F023704EB}.Release|x86.ActiveCfg = Release|Any CPU
		{D8AE7C74-CE91-4DC3-991A-142F023704EB}.Release|x86.Build.0 = Release|Any CPU
		{4DA385D8-F368-4235-97D3-D7C16CB2938C}.Debug|Any CPU.ActiveCfg = Debug|Any CPU
		{4DA385D8-F368-4235-97D3-D7C16CB2938C}.Debug|Any CPU.Build.0 = Debug|Any CPU
		{4DA385D8-F368-4235-97D3-D7C16CB2938C}.Debug|Any CPU.Deploy.0 = Debug|Any CPU
		{4DA385D8-F368-4235-97D3-D7C16CB2938C}.Debug|ARM.ActiveCfg = Debug|ARM
		{4DA385D8-F368-4235-97D3-D7C16CB2938C}.Debug|ARM.Build.0 = Debug|ARM
		{4DA385D8-F368-4235-97D3-D7C16CB2938C}.Debug|ARM.Deploy.0 = Debug|ARM
		{4DA385D8-F368-4235-97D3-D7C16CB2938C}.Debug|x64.ActiveCfg = Debug|x64
		{4DA385D8-F368-4235-97D3-D7C16CB2938C}.Debug|x64.Build.0 = Debug|x64
		{4DA385D8-F368-4235-97D3-D7C16CB2938C}.Debug|x64.Deploy.0 = Debug|x64
		{4DA385D8-F368-4235-97D3-D7C16CB2938C}.Debug|x86.ActiveCfg = Debug|x86
		{4DA385D8-F368-4235-97D3-D7C16CB2938C}.Debug|x86.Build.0 = Debug|x86
		{4DA385D8-F368-4235-97D3-D7C16CB2938C}.Debug|x86.Deploy.0 = Debug|x86
		{4DA385D8-F368-4235-97D3-D7C16CB2938C}.Release|Any CPU.ActiveCfg = Release|Any CPU
		{4DA385D8-F368-4235-97D3-D7C16CB2938C}.Release|Any CPU.Build.0 = Release|Any CPU
		{4DA385D8-F368-4235-97D3-D7C16CB2938C}.Release|Any CPU.Deploy.0 = Release|Any CPU
		{4DA385D8-F368-4235-97D3-D7C16CB2938C}.Release|ARM.ActiveCfg = Release|ARM
		{4DA385D8-F368-4235-97D3-D7C16CB2938C}.Release|ARM.Build.0 = Release|ARM
		{4DA385D8-F368-4235-97D3-D7C16CB2938C}.Release|ARM.Deploy.0 = Release|ARM
		{4DA385D8-F368-4235-97D3-D7C16CB2938C}.Release|x64.ActiveCfg = Release|x64
		{4DA385D8-F368-4235-97D3-D7C16CB2938C}.Release|x64.Build.0 = Release|x64
		{4DA385D8-F368-4235-97D3-D7C16CB2938C}.Release|x64.Deploy.0 = Release|x64
		{4DA385D8-F368-4235-97D3-D7C16CB2938C}.Release|x86.ActiveCfg = Release|x86
		{4DA385D8-F368-4235-97D3-D7C16CB2938C}.Release|x86.Build.0 = Release|x86
		{4DA385D8-F368-4235-97D3-D7C16CB2938C}.Release|x86.Deploy.0 = Release|x86
		{ECE489D7-2926-4CC4-AE47-B65F2113FCCE}.Debug|Any CPU.ActiveCfg = Debug|Any CPU
		{ECE489D7-2926-4CC4-AE47-B65F2113FCCE}.Debug|Any CPU.Build.0 = Debug|Any CPU
		{ECE489D7-2926-4CC4-AE47-B65F2113FCCE}.Debug|Any CPU.Deploy.0 = Debug|Any CPU
		{ECE489D7-2926-4CC4-AE47-B65F2113FCCE}.Debug|ARM.ActiveCfg = Debug|ARM
		{ECE489D7-2926-4CC4-AE47-B65F2113FCCE}.Debug|ARM.Build.0 = Debug|ARM
		{ECE489D7-2926-4CC4-AE47-B65F2113FCCE}.Debug|ARM.Deploy.0 = Debug|ARM
		{ECE489D7-2926-4CC4-AE47-B65F2113FCCE}.Debug|x64.ActiveCfg = Debug|x64
		{ECE489D7-2926-4CC4-AE47-B65F2113FCCE}.Debug|x64.Build.0 = Debug|x64
		{ECE489D7-2926-4CC4-AE47-B65F2113FCCE}.Debug|x64.Deploy.0 = Debug|x64
		{ECE489D7-2926-4CC4-AE47-B65F2113FCCE}.Debug|x86.ActiveCfg = Debug|x86
		{ECE489D7-2926-4CC4-AE47-B65F2113FCCE}.Debug|x86.Build.0 = Debug|x86
		{ECE489D7-2926-4CC4-AE47-B65F2113FCCE}.Debug|x86.Deploy.0 = Debug|x86
		{ECE489D7-2926-4CC4-AE47-B65F2113FCCE}.Release|Any CPU.ActiveCfg = Release|Any CPU
		{ECE489D7-2926-4CC4-AE47-B65F2113FCCE}.Release|Any CPU.Build.0 = Release|Any CPU
		{ECE489D7-2926-4CC4-AE47-B65F2113FCCE}.Release|Any CPU.Deploy.0 = Release|Any CPU
		{ECE489D7-2926-4CC4-AE47-B65F2113FCCE}.Release|ARM.ActiveCfg = Release|ARM
		{ECE489D7-2926-4CC4-AE47-B65F2113FCCE}.Release|ARM.Build.0 = Release|ARM
		{ECE489D7-2926-4CC4-AE47-B65F2113FCCE}.Release|ARM.Deploy.0 = Release|ARM
		{ECE489D7-2926-4CC4-AE47-B65F2113FCCE}.Release|x64.ActiveCfg = Release|x64
		{ECE489D7-2926-4CC4-AE47-B65F2113FCCE}.Release|x64.Build.0 = Release|x64
		{ECE489D7-2926-4CC4-AE47-B65F2113FCCE}.Release|x64.Deploy.0 = Release|x64
		{ECE489D7-2926-4CC4-AE47-B65F2113FCCE}.Release|x86.ActiveCfg = Release|x86
		{ECE489D7-2926-4CC4-AE47-B65F2113FCCE}.Release|x86.Build.0 = Release|x86
		{ECE489D7-2926-4CC4-AE47-B65F2113FCCE}.Release|x86.Deploy.0 = Release|x86
	EndGlobalSection
	GlobalSection(SolutionProperties) = preSolution
		HideSolutionNode = FALSE
	EndGlobalSection
EndGlobal
